# THIS IS AN AUTOGENERATED FILE. DO NOT EDIT THIS FILE DIRECTLY.
# yarn lockfile v1


"@types/node@^14.6.4":
  version "14.6.4"
  resolved "https://registry.npm.taobao.org/@types/node/download/@types/node-14.6.4.tgz?cache=0&sync_timestamp=1599568905640&other_urls=https%3A%2F%2Fregistry.npm.taobao.org%2F%40types%2Fnode%2Fdownload%2F%40types%2Fnode-14.6.4.tgz#a145cc0bb14ef9c4777361b7bbafa5cf8e3acb5a"
  integrity sha1-oUXMC7FO+cR3c2G3u6+lz446y1o=

csstype@^3.0.3:
  version "3.0.3"
  resolved "https://registry.npm.taobao.org/csstype/download/csstype-3.0.3.tgz?cache=0&sync_timestamp=1598348215201&other_urls=https%3A%2F%2Fregistry.npm.taobao.org%2Fcsstype%2Fdownload%2Fcsstype-3.0.3.tgz#2b410bbeba38ba9633353aff34b05d9755d065f8"
  integrity sha1-K0ELvro4upYzNTr/NLBdl1XQZfg=

estree-walker@^0.6.1:
  version "0.6.1"
  resolved "https://registry.npm.taobao.org/estree-walker/download/estree-walker-0.6.1.tgz#53049143f40c6eb918b23671d1fe3219f3a1b362"
  integrity sha1-UwSRQ/QMbrkYsjZx0f4yGfOhs2I=

fsevents@~2.1.2:
  version "2.1.3"
  resolved "https://registry.npm.taobao.org/fsevents/download/fsevents-2.1.3.tgz#fb738703ae8d2f9fe900c33836ddebee8b97f23e"
  integrity sha1-+3OHA66NL5/pAMM4Nt3r7ouX8j4=

magic-string@^0.25.2:
  version "0.25.7"
  resolved "https://registry.npm.taobao.org/magic-string/download/magic-string-0.25.7.tgz#3f497d6fd34c669c6798dcb821f2ef31f5445051"
  integrity sha1-P0l9b9NMZpxnmNy4IfLvMfVEUFE=
  dependencies:
    sourcemap-codec "^1.4.4"

path-parse@^1.0.6:
  version "1.0.6"
  resolved "https://registry.npm.taobao.org/path-parse/download/path-parse-1.0.6.tgz#d62dbb5679405d72c4737ec58600e9ddcf06d24c"
  integrity sha1-1i27VnlAXXLEc37FhgDp3c8G0kw=

resolve@^1.10.0:
  version "1.17.0"
  resolved "https://registry.npm.taobao.org/resolve/download/resolve-1.17.0.tgz#b25941b54968231cc2d1bb76a79cb7f2c0bf8444"
  integrity sha1-sllBtUloIxzC0bt2p5y38sC/hEQ=
  dependencies:
    path-parse "^1.0.6"

rollup-plugin-alias@^2.2.0:
  version "2.2.0"
  resolved "https://registry.npm.taobao.org/rollup-plugin-alias/download/rollup-plugin-alias-2.2.0.tgz#5004a2bc542a2eebb45b5a0fff8c6f540439decc"
  integrity sha1-UASivFQqLuu0W1oP/4xvVAQ53sw=
  dependencies:
    slash "^3.0.0"

rollup-plugin-replace@^2.2.0:
  version "2.2.0"
  resolved "https://registry.npm.taobao.org/rollup-plugin-replace/download/rollup-plugin-replace-2.2.0.tgz#f41ae5372e11e7a217cde349c8b5d5fd115e70e3"
  integrity sha1-9BrlNy4R56IXzeNJyLXV/RFecOM=
  dependencies:
    magic-string "^0.25.2"
    rollup-pluginutils "^2.6.0"

rollup-plugin-typescript@^1.0.1:
  version "1.0.1"
  resolved "https://registry.npm.taobao.org/rollup-plugin-typescript/download/rollup-plugin-typescript-1.0.1.tgz#86565033b714c3d1f3aba510aad3dc519f7091e9"
  integrity sha1-hlZQM7cUw9Hzq6UQqtPcUZ9wkek=
  dependencies:
    resolve "^1.10.0"
    rollup-pluginutils "^2.5.0"

rollup-pluginutils@^2.5.0, rollup-pluginutils@^2.6.0:
  version "2.8.2"
  resolved "https://registry.npm.taobao.org/rollup-pluginutils/download/rollup-pluginutils-2.8.2.tgz#72f2af0748b592364dbd3389e600e5a9444a351e"
  integrity sha1-cvKvB0i1kjZNvTOJ5gDlqURKNR4=
  dependencies:
    estree-walker "^0.6.1"

rollup@^2.26.11:
  version "2.26.11"
  resolved "https://registry.npm.taobao.org/rollup/download/rollup-2.26.11.tgz?cache=0&sync_timestamp=1599542640482&other_urls=https%3A%2F%2Fregistry.npm.taobao.org%2Frollup%2Fdownload%2Frollup-2.26.11.tgz#4fc31de9c7b83d50916fc8395f8c3d24730cdaae"
  integrity sha1-T8Md6ce4PVCRb8g5X4w9JHMM2q4=
  optionalDependencies:
    fsevents "~2.1.2"

slash@^3.0.0:
  version "3.0.0"
  resolved "https://registry.npm.taobao.org/slash/download/slash-3.0.0.tgz#6539be870c165adbd5240220dbe361f1bc4d4634"
  integrity sha1-ZTm+hwwWWtvVJAIg2+Nh8bxNRjQ=

sourcemap-codec@^1.4.4:
  version "1.4.8"
  resolved "https://registry.npm.taobao.org/sourcemap-codec/download/sourcemap-codec-1.4.8.tgz#ea804bd94857402e6992d05a38ef1ae35a9ab4c4"
  integrity sha1-6oBL2UhXQC5pktBaOO8a41qatMQ=

tslib@^2.0.1:
  version "2.0.1"
  resolved "https://registry.npm.taobao.org/tslib/download/tslib-2.0.1.tgz?cache=0&sync_timestamp=1596752024863&other_urls=https%3A%2F%2Fregistry.npm.taobao.org%2Ftslib%2Fdownload%2Ftslib-2.0.1.tgz#410eb0d113e5b6356490eec749603725b021b43e"
  integrity sha1-QQ6w0RPltjVkkO7HSWA3JbAhtD4=

typescript@^4.0.2:
  version "4.0.2"
  resolved "https://registry.npm.taobao.org/typescript/download/typescript-4.0.2.tgz#7ea7c88777c723c681e33bf7988be5d008d05ac2"
  integrity sha1-fqfIh3fHI8aB4zv3mIvl0AjQWsI=
